
Microsoft Visual Studio Solution File, Format Version 12.00
# Visual Studio Version 17
VisualStudioVersion = 17.7.34009.444
MinimumVisualStudioVersion = 10.0.40219.1
Project("{FAE04EC0-301F-11D3-BF4B-00C04F79EFBC}") = "BlogAPIdotNet", "BlogAPIdotNet\BlogAPIdotNet.csproj", "{38E99D3E-F075-42C9-8C17-0C223FFC287F}"
EndProject
Global
	GlobalSection(SolutionConfigurationPlatforms) = preSolution
		Debug|Any CPU = Debug|Any CPU
		Release|Any CPU = Release|Any CPU
	EndGlobalSection
	GlobalSection(ProjectConfigurationPlatforms) = postSolution
		{38E99D3E-F075-42C9-8C17-0C223FFC287F}.Debug|Any CPU.ActiveCfg = Debug|Any CPU
		{38E99D3E-F075-42C9-8C17-0C223FFC287F}.Debug|Any CPU.Build.0 = Debug|Any CPU
		{38E99D3E-F075-42C9-8C17-0C223FFC287F}.Release|Any CPU.ActiveCfg = Release|Any CPU
		{38E99D3E-F075-42C9-8C17-0C223FFC287F}.Release|Any CPU.Build.0 = Release|Any CPU
	EndGlobalSection
	GlobalSection(SolutionProperties) = preSolution
		HideSolutionNode = FALSE
	EndGlobalSection
	GlobalSection(ExtensibilityGlobals) = postSolution
		SolutionGuid = {A82E413A-1B4E-4438-AA80-EFCE1F0504E9}
	EndGlobalSection
EndGlobal
